# capa.lock - AUTO-GENERATED by `capa install`. DO NOT EDIT.
# Re-running `capa install` rewrites this file from capa.toml.

[[dependencies]]
name = "capa_hash"
git = "https://github.com/nelsonduarte/capa_hash"
pin = "v0.1.2"
pin_kind = "tag"
commit = "449488a0064178b62aa79216419a626d03ca1929"
signing_key = "6C1D222D491FB88031E041A536CFB426101AA24B"

[[dependencies]]
name = "capa_csv"
git = "https://github.com/nelsonduarte/capa_csv"
pin = "v0.1.1"
pin_kind = "tag"
commit = "509deb755304a51ce015e78a3ea9afef5e4ea68f"
signing_key = "6C1D222D491FB88031E041A536CFB426101AA24B"

[[dependencies]]
name = "capa_cli"
git = "https://github.com/nelsonduarte/capa_cli"
pin = "v0.1.2"
pin_kind = "tag"
commit = "85137399c9906b31c69eda1777c25661cb2f4349"
signing_key = "6C1D222D491FB88031E041A536CFB426101AA24B"

[[dependencies]]
name = "capa_log"
git = "https://github.com/nelsonduarte/capa_log"
pin = "v0.1.2"
pin_kind = "tag"
commit = "788e7ada58b9382b4f5149b8fd81c1497d6eaa3e"
signing_key = "6C1D222D491FB88031E041A536CFB426101AA24B"

[[dependencies]]
name = "capa_datetime"
git = "https://github.com/nelsonduarte/capa_datetime"
pin = "v0.1.2"
pin_kind = "tag"
commit = "34a373dab297a6afc6911d31cd8ba0a65b7de4ba"
signing_key = "6C1D222D491FB88031E041A536CFB426101AA24B"

[[dependencies]]
name = "capa_sbom"
git = "https://github.com/nelsonduarte/capa_sbom"
pin = "v0.1.0"
pin_kind = "tag"
commit = "44dfd00050d1ae17e5bc3e4926dea320d38cd3d3"
signing_key = "6C1D222D491FB88031E041A536CFB426101AA24B"

[[dependencies]]
name = "capa_test"
git = "https://github.com/nelsonduarte/capa_test"
pin = "v0.1.1"
pin_kind = "tag"
commit = "ecb360b648a0a057cee1f551c8c18d8e7411fddb"
signing_key = "6C1D222D491FB88031E041A536CFB426101AA24B"
dev = true
